
Microsoft Visual Studio Solution File, Format Version 12.00
# Visual Studio Version 16
VisualStudioVersion = 16.0.29728.190
MinimumVisualStudioVersion = 10.0.40219.1
Project("{FAE04EC0-301F-11D3-BF4B-00C04F79EFBC}") = "NAudioSample", "NAudioSample.csproj", "{38B30097-9D46-4E6B-B603-753F82FABFE1}"
EndProject
Global
	GlobalSection(SolutionConfigurationPlatforms) = preSolution
		Debug|Any CPU = Debug|Any CPU
		Release|Any CPU = Release|Any CPU
	EndGlobalSection
	GlobalSection(ProjectConfigurationPlatforms) = postSolution
		{38B30097-9D46-4E6B-B603-753F82FABFE1}.Debug|Any CPU.ActiveCfg = Debug|Any CPU
		{38B30097-9D46-4E6B-B603-753F82FABFE1}.Debug|Any CPU.Build.0 = Debug|Any CPU
		{38B30097-9D46-4E6B-B603-753F82FABFE1}.Release|Any CPU.ActiveCfg = Release|Any CPU
		{38B30097-9D46-4E6B-B603-753F82FABFE1}.Release|Any CPU.Build.0 = Release|Any CPU
	EndGlobalSection
	GlobalSection(SolutionProperties) = preSolution
		HideSolutionNode = FALSE
	EndGlobalSection
	GlobalSection(ExtensibilityGlobals) = postSolution
		SolutionGuid = {C354FF5E-FAEE-4B4F-B9F9-322C661B3567}
	EndGlobalSection
EndGlobal
